
Microsoft Visual Studio Solution File, Format Version 12.00
# Visual Studio Version 17
VisualStudioVersion = 17.9.34728.123
MinimumVisualStudioVersion = 10.0.40219.1
Project("{FAE04EC0-301F-11D3-BF4B-00C04F79EFBC}") = "ProTaskMangers02", "ProTaskMangers02.csproj", "{D70BDC5B-01AD-44CA-953C-1B8B65B5055D}"
EndProject
Global
	GlobalSection(SolutionConfigurationPlatforms) = preSolution
		Debug|Any CPU = Debug|Any CPU
		Release|Any CPU = Release|Any CPU
	EndGlobalSection
	GlobalSection(ProjectConfigurationPlatforms) = postSolution
		{D70BDC5B-01AD-44CA-953C-1B8B65B5055D}.Debug|Any CPU.ActiveCfg = Debug|Any CPU
		{D70BDC5B-01AD-44CA-953C-1B8B65B5055D}.Debug|Any CPU.Build.0 = Debug|Any CPU
		{D70BDC5B-01AD-44CA-953C-1B8B65B5055D}.Debug|Any CPU.Deploy.0 = Debug|Any CPU
		{D70BDC5B-01AD-44CA-953C-1B8B65B5055D}.Release|Any CPU.ActiveCfg = Release|Any CPU
		{D70BDC5B-01AD-44CA-953C-1B8B65B5055D}.Release|Any CPU.Build.0 = Release|Any CPU
		{D70BDC5B-01AD-44CA-953C-1B8B65B5055D}.Release|Any CPU.Deploy.0 = Release|Any CPU
	EndGlobalSection
	GlobalSection(SolutionProperties) = preSolution
		HideSolutionNode = FALSE
	EndGlobalSection
	GlobalSection(ExtensibilityGlobals) = postSolution
		SolutionGuid = {FC24E164-CF99-4674-84C1-AE87B5106CAC}
	EndGlobalSection
EndGlobal
